
Microsoft Visual Studio Solution File, Format Version 12.00
# Visual Studio 2013
VisualStudioVersion = 12.0.40629.0
MinimumVisualStudioVersion = 10.0.40219.1
Project("{FAE04EC0-301F-11D3-BF4B-00C04F79EFBC}") = "SitePessoal.MVC", "SitePessoal.MVC\SitePessoal.MVC.csproj", "{AB2D4D86-EE1B-49A4-8CD6-B8F16C6FAB7B}"
EndProject
Global
	GlobalSection(SolutionConfigurationPlatforms) = preSolution
		Debug|Any CPU = Debug|Any CPU
		Release|Any CPU = Release|Any CPU
	EndGlobalSection
	GlobalSection(ProjectConfigurationPlatforms) = postSolution
		{AB2D4D86-EE1B-49A4-8CD6-B8F16C6FAB7B}.Debug|Any CPU.ActiveCfg = Debug|Any CPU
		{AB2D4D86-EE1B-49A4-8CD6-B8F16C6FAB7B}.Debug|Any CPU.Build.0 = Debug|Any CPU
		{AB2D4D86-EE1B-49A4-8CD6-B8F16C6FAB7B}.Release|Any CPU.ActiveCfg = Release|Any CPU
		{AB2D4D86-EE1B-49A4-8CD6-B8F16C6FAB7B}.Release|Any CPU.Build.0 = Release|Any CPU
	EndGlobalSection
	GlobalSection(SolutionProperties) = preSolution
		HideSolutionNode = FALSE
	EndGlobalSection
EndGlobal
